# THIS IS AN AUTOGENERATED FILE. DO NOT EDIT THIS FILE DIRECTLY.
# yarn lockfile v1


protoext@^0.1.5:
  version "0.1.5"
  resolved "https://registry.npmjs.org/protoext/-/protoext-0.1.5.tgz#e567980343a8c25b6c9a90339f4a6826df2407f2"
  integrity sha512-zhkBZqJlFXEd4QNyhnV6VUkxSmbFg6rxAUEMGyn+vH7jkQIXq8mivRKt2hTc9/mvDJNdX7XI18qIqyyPljoOwA==
